
Microsoft Visual Studio Solution File, Format Version 12.00
# Visual Studio Version 17
VisualStudioVersion = 17.0.32014.148
MinimumVisualStudioVersion = 10.0.40219.1
Project("{2150E333-8FDC-42A3-9474-1A3956D46DE8}") = "src", "src", "{292441D6-7827-496B-801E-A9E7BAE3B955}"
EndProject
Project("{2150E333-8FDC-42A3-9474-1A3956D46DE8}") = "Core", "Core", "{D29B0489-7045-4464-995C-9B8DA8662AA3}"
EndProject
Project("{2150E333-8FDC-42A3-9474-1A3956D46DE8}") = "Infrastructure", "Infrastructure", "{B00819A0-55C5-415C-B9E0-3AC01CD3644B}"
EndProject
Project("{9A19103F-16F7-4668-BE54-9A1E7A4F7556}") = "Terap.Application", "src\Core\Terap.Application\Terap.Application.csproj", "{2D0DF83B-B313-44D0-8167-77EB16462BD4}"
EndProject
Project("{9A19103F-16F7-4668-BE54-9A1E7A4F7556}") = "Terap.Domain", "src\Core\Terap.Domain\Terap.Domain.csproj", "{AA514B3C-2313-42A7-A09E-96C8A458A831}"
EndProject
Project("{9A19103F-16F7-4668-BE54-9A1E7A4F7556}") = "Terap.Identity", "src\Infrastructure\Terap.Identity\Terap.Identity.csproj", "{F23E9F6B-E004-4D72-8020-C7C9E2FE5F86}"
EndProject
Project("{9A19103F-16F7-4668-BE54-9A1E7A4F7556}") = "Terap.Infrastructure", "src\Infrastructure\Terap.Infrastructure\Terap.Infrastructure.csproj", "{721BAC3E-5E5E-4729-883F-12ADB346183F}"
EndProject
Project("{9A19103F-16F7-4668-BE54-9A1E7A4F7556}") = "Terap.Persistence", "src\Infrastructure\Terap.Persistence\Terap.Persistence.csproj", "{A685F802-47EC-4D6C-85EE-C9AD5A9F56FA}"
EndProject
Project("{2150E333-8FDC-42A3-9474-1A3956D46DE8}") = "test", "test", "{E8FAE0FA-9E00-48A9-92B0-FC0DD09C8EEA}"
EndProject
Project("{9A19103F-16F7-4668-BE54-9A1E7A4F7556}") = "Terap.Persistence.IntegrationTests", "test\Terap.Persistence.IntegrationTests\Terap.Persistence.IntegrationTests.csproj", "{E88743F1-C132-4D15-B7A9-B1075FD65194}"
	ProjectSection(ProjectDependencies) = postProject
		{2D0DF83B-B313-44D0-8167-77EB16462BD4} = {2D0DF83B-B313-44D0-8167-77EB16462BD4}
		{AA514B3C-2313-42A7-A09E-96C8A458A831} = {AA514B3C-2313-42A7-A09E-96C8A458A831}
		{A685F802-47EC-4D6C-85EE-C9AD5A9F56FA} = {A685F802-47EC-4D6C-85EE-C9AD5A9F56FA}
		{F23E9F6B-E004-4D72-8020-C7C9E2FE5F86} = {F23E9F6B-E004-4D72-8020-C7C9E2FE5F86}
	EndProjectSection
EndProject
Project("{9A19103F-16F7-4668-BE54-9A1E7A4F7556}") = "Terap.Application.UnitTests", "test\Terap.Application.UnitTests\Terap.Application.UnitTests.csproj", "{7461FB56-EC0E-48E6-BA78-539332A87394}"
EndProject
Project("{9A19103F-16F7-4668-BE54-9A1E7A4F7556}") = "Terap.Identity.UnitTests", "test\Terap.Identity.UnitTests\Terap.Identity.UnitTests.csproj", "{B22A5DC5-EF9C-4DC6-90F1-EF1272CC675F}"
EndProject
Project("{9A19103F-16F7-4668-BE54-9A1E7A4F7556}") = "Terap.Infrastructure.UnitTests", "test\Terap.Infrastructure.UnitTests\Terap.Infrastructure.UnitTests.csproj", "{AE9E9256-F4E1-46C4-8D04-6EF9761174FD}"
EndProject
Project("{2150E333-8FDC-42A3-9474-1A3956D46DE8}") = "API", "API", "{6EED4494-A5F6-4694-A1F3-CE4E69F8468B}"
EndProject
Project("{9A19103F-16F7-4668-BE54-9A1E7A4F7556}") = "Terap.Api", "src\API\Terap.Api\Terap.Api.csproj", "{618172DF-232A-40B2-8AEB-00106AE4FFAE}"
EndProject
Project("{9A19103F-16F7-4668-BE54-9A1E7A4F7556}") = "Terap.API.IntegrationTests", "test\Terap.API.IntegrationTests\Terap.API.IntegrationTests.csproj", "{38541C42-B63F-446F-B355-30D29B16E707}"
EndProject
Project("{9A19103F-16F7-4668-BE54-9A1E7A4F7556}") = "Terap.API.UnitTests", "test\Terap.API.UnitTests\Terap.API.UnitTests.csproj", "{81DDFED3-8E3C-49AC-BD3F-332C3FC1E243}"
EndProject
Global
	GlobalSection(SolutionConfigurationPlatforms) = preSolution
		Debug|Any CPU = Debug|Any CPU
		Release|Any CPU = Release|Any CPU
	EndGlobalSection
	GlobalSection(ProjectConfigurationPlatforms) = postSolution
		{2D0DF83B-B313-44D0-8167-77EB16462BD4}.Debug|Any CPU.ActiveCfg = Debug|Any CPU
		{2D0DF83B-B313-44D0-8167-77EB16462BD4}.Debug|Any CPU.Build.0 = Debug|Any CPU
		{2D0DF83B-B313-44D0-8167-77EB16462BD4}.Release|Any CPU.ActiveCfg = Release|Any CPU
		{2D0DF83B-B313-44D0-8167-77EB16462BD4}.Release|Any CPU.Build.0 = Release|Any CPU
		{AA514B3C-2313-42A7-A09E-96C8A458A831}.Debug|Any CPU.ActiveCfg = Debug|Any CPU
		{AA514B3C-2313-42A7-A09E-96C8A458A831}.Debug|Any CPU.Build.0 = Debug|Any CPU
		{AA514B3C-2313-42A7-A09E-96C8A458A831}.Release|Any CPU.ActiveCfg = Release|Any CPU
		{AA514B3C-2313-42A7-A09E-96C8A458A831}.Release|Any CPU.Build.0 = Release|Any CPU
		{F23E9F6B-E004-4D72-8020-C7C9E2FE5F86}.Debug|Any CPU.ActiveCfg = Debug|Any CPU
		{F23E9F6B-E004-4D72-8020-C7C9E2FE5F86}.Debug|Any CPU.Build.0 = Debug|Any CPU
		{F23E9F6B-E004-4D72-8020-C7C9E2FE5F86}.Release|Any CPU.ActiveCfg = Release|Any CPU
		{F23E9F6B-E004-4D72-8020-C7C9E2FE5F86}.Release|Any CPU.Build.0 = Release|Any CPU
		{721BAC3E-5E5E-4729-883F-12ADB346183F}.Debug|Any CPU.ActiveCfg = Debug|Any CPU
		{721BAC3E-5E5E-4729-883F-12ADB346183F}.Debug|Any CPU.Build.0 = Debug|Any CPU
		{721BAC3E-5E5E-4729-883F-12ADB346183F}.Release|Any CPU.ActiveCfg = Release|Any CPU
		{721BAC3E-5E5E-4729-883F-12ADB346183F}.Release|Any CPU.Build.0 = Release|Any CPU
		{A685F802-47EC-4D6C-85EE-C9AD5A9F56FA}.Debug|Any CPU.ActiveCfg = Debug|Any CPU
		{A685F802-47EC-4D6C-85EE-C9AD5A9F56FA}.Debug|Any CPU.Build.0 = Debug|Any CPU
		{A685F802-47EC-4D6C-85EE-C9AD5A9F56FA}.Release|Any CPU.ActiveCfg = Release|Any CPU
		{A685F802-47EC-4D6C-85EE-C9AD5A9F56FA}.Release|Any CPU.Build.0 = Release|Any CPU
		{E88743F1-C132-4D15-B7A9-B1075FD65194}.Debug|Any CPU.ActiveCfg = Debug|Any CPU
		{E88743F1-C132-4D15-B7A9-B1075FD65194}.Debug|Any CPU.Build.0 = Debug|Any CPU
		{E88743F1-C132-4D15-B7A9-B1075FD65194}.Release|Any CPU.ActiveCfg = Release|Any CPU
		{E88743F1-C132-4D15-B7A9-B1075FD65194}.Release|Any CPU.Build.0 = Release|Any CPU
		{7461FB56-EC0E-48E6-BA78-539332A87394}.Debug|Any CPU.ActiveCfg = Debug|Any CPU
		{7461FB56-EC0E-48E6-BA78-539332A87394}.Debug|Any CPU.Build.0 = Debug|Any CPU
		{7461FB56-EC0E-48E6-BA78-539332A87394}.Release|Any CPU.ActiveCfg = Release|Any CPU
		{7461FB56-EC0E-48E6-BA78-539332A87394}.Release|Any CPU.Build.0 = Release|Any CPU
		{B22A5DC5-EF9C-4DC6-90F1-EF1272CC675F}.Debug|Any CPU.ActiveCfg = Debug|Any CPU
		{B22A5DC5-EF9C-4DC6-90F1-EF1272CC675F}.Debug|Any CPU.Build.0 = Debug|Any CPU
		{B22A5DC5-EF9C-4DC6-90F1-EF1272CC675F}.Release|Any CPU.ActiveCfg = Release|Any CPU
		{B22A5DC5-EF9C-4DC6-90F1-EF1272CC675F}.Release|Any CPU.Build.0 = Release|Any CPU
		{AE9E9256-F4E1-46C4-8D04-6EF9761174FD}.Debug|Any CPU.ActiveCfg = Debug|Any CPU
		{AE9E9256-F4E1-46C4-8D04-6EF9761174FD}.Debug|Any CPU.Build.0 = Debug|Any CPU
		{AE9E9256-F4E1-46C4-8D04-6EF9761174FD}.Release|Any CPU.ActiveCfg = Release|Any CPU
		{AE9E9256-F4E1-46C4-8D04-6EF9761174FD}.Release|Any CPU.Build.0 = Release|Any CPU
		{618172DF-232A-40B2-8AEB-00106AE4FFAE}.Debug|Any CPU.ActiveCfg = Debug|Any CPU
		{618172DF-232A-40B2-8AEB-00106AE4FFAE}.Debug|Any CPU.Build.0 = Debug|Any CPU
		{618172DF-232A-40B2-8AEB-00106AE4FFAE}.Release|Any CPU.ActiveCfg = Release|Any CPU
		{618172DF-232A-40B2-8AEB-00106AE4FFAE}.Release|Any CPU.Build.0 = Release|Any CPU
		{38541C42-B63F-446F-B355-30D29B16E707}.Debug|Any CPU.ActiveCfg = Debug|Any CPU
		{38541C42-B63F-446F-B355-30D29B16E707}.Debug|Any CPU.Build.0 = Debug|Any CPU
		{38541C42-B63F-446F-B355-30D29B16E707}.Release|Any CPU.ActiveCfg = Release|Any CPU
		{38541C42-B63F-446F-B355-30D29B16E707}.Release|Any CPU.Build.0 = Release|Any CPU
		{81DDFED3-8E3C-49AC-BD3F-332C3FC1E243}.Debug|Any CPU.ActiveCfg = Debug|Any CPU
		{81DDFED3-8E3C-49AC-BD3F-332C3FC1E243}.Debug|Any CPU.Build.0 = Debug|Any CPU
		{81DDFED3-8E3C-49AC-BD3F-332C3FC1E243}.Release|Any CPU.ActiveCfg = Release|Any CPU
		{81DDFED3-8E3C-49AC-BD3F-332C3FC1E243}.Release|Any CPU.Build.0 = Release|Any CPU
	EndGlobalSection
	GlobalSection(SolutionProperties) = preSolution
		HideSolutionNode = FALSE
	EndGlobalSection
	GlobalSection(NestedProjects) = preSolution
		{D29B0489-7045-4464-995C-9B8DA8662AA3} = {292441D6-7827-496B-801E-A9E7BAE3B955}
		{B00819A0-55C5-415C-B9E0-3AC01CD3644B} = {292441D6-7827-496B-801E-A9E7BAE3B955}
		{2D0DF83B-B313-44D0-8167-77EB16462BD4} = {D29B0489-7045-4464-995C-9B8DA8662AA3}
		{AA514B3C-2313-42A7-A09E-96C8A458A831} = {D29B0489-7045-4464-995C-9B8DA8662AA3}
		{F23E9F6B-E004-4D72-8020-C7C9E2FE5F86} = {B00819A0-55C5-415C-B9E0-3AC01CD3644B}
		{721BAC3E-5E5E-4729-883F-12ADB346183F} = {B00819A0-55C5-415C-B9E0-3AC01CD3644B}
		{A685F802-47EC-4D6C-85EE-C9AD5A9F56FA} = {B00819A0-55C5-415C-B9E0-3AC01CD3644B}
		{E88743F1-C132-4D15-B7A9-B1075FD65194} = {E8FAE0FA-9E00-48A9-92B0-FC0DD09C8EEA}
		{7461FB56-EC0E-48E6-BA78-539332A87394} = {E8FAE0FA-9E00-48A9-92B0-FC0DD09C8EEA}
		{B22A5DC5-EF9C-4DC6-90F1-EF1272CC675F} = {E8FAE0FA-9E00-48A9-92B0-FC0DD09C8EEA}
		{AE9E9256-F4E1-46C4-8D04-6EF9761174FD} = {E8FAE0FA-9E00-48A9-92B0-FC0DD09C8EEA}
		{6EED4494-A5F6-4694-A1F3-CE4E69F8468B} = {292441D6-7827-496B-801E-A9E7BAE3B955}
		{618172DF-232A-40B2-8AEB-00106AE4FFAE} = {6EED4494-A5F6-4694-A1F3-CE4E69F8468B}
		{38541C42-B63F-446F-B355-30D29B16E707} = {E8FAE0FA-9E00-48A9-92B0-FC0DD09C8EEA}
		{81DDFED3-8E3C-49AC-BD3F-332C3FC1E243} = {E8FAE0FA-9E00-48A9-92B0-FC0DD09C8EEA}
	EndGlobalSection
	GlobalSection(ExtensibilityGlobals) = postSolution
		SolutionGuid = {920EDF2B-79D6-48A5-AF80-5C4256675664}
	EndGlobalSection
EndGlobal
